
Microsoft Visual Studio Solution File, Format Version 12.00
# Visual Studio 14
VisualStudioVersion = 14.0.25420.1
MinimumVisualStudioVersion = 10.0.40219.1
Project("{FAE04EC0-301F-11D3-BF4B-00C04F79EFBC}") = "02.CommandInterpreter", "01.Some Exam\02.CommandInterpreter.csproj", "{A931499A-590E-4906-B518-F241A137D736}"
EndProject
Project("{FAE04EC0-301F-11D3-BF4B-00C04F79EFBC}") = "02.Ladybugs", "02.Ladybugs\02.Ladybugs.csproj", "{BBAAB83D-F281-4F61-A68A-7F16B363CD33}"
EndProject
Project("{FAE04EC0-301F-11D3-BF4B-00C04F79EFBC}") = "02.WormIpsum", "02.WormIpsum\02.WormIpsum.csproj", "{9028D57B-41FF-4813-95EA-AAAF360BA54B}"
EndProject
Project("{FAE04EC0-301F-11D3-BF4B-00C04F79EFBC}") = "01.HornetWings", "01.HornetWings\01.HornetWings.csproj", "{195D54B0-8B50-44FA-AFA8-3AFB75566AFB}"
EndProject
Project("{FAE04EC0-301F-11D3-BF4B-00C04F79EFBC}") = "02.HornetComm", "02.HornetComm\02.HornetComm.csproj", "{9204EED6-95C8-48EE-8BE0-D1A7B2C9DFDB}"
EndProject
Project("{FAE04EC0-301F-11D3-BF4B-00C04F79EFBC}") = "03.HornetAssault", "03.HornetAssault\03.HornetAssault.csproj", "{5FBE0ECA-20D5-46A0-B9B8-0EA50A647BB2}"
EndProject
Project("{FAE04EC0-301F-11D3-BF4B-00C04F79EFBC}") = "04.HornetArmada", "04.HornetArmada\04.HornetArmada.csproj", "{49242029-DC7D-4789-99A9-73A2D0629BBC}"
EndProject
Project("{FAE04EC0-301F-11D3-BF4B-00C04F79EFBC}") = "03.RageQuit", "03.RageQuit\03.RageQuit.csproj", "{75623760-E39C-4EC1-9209-4FFE11B22D4B}"
EndProject
Project("{FAE04EC0-301F-11D3-BF4B-00C04F79EFBC}") = "04.Files", "04.Files\04.Files.csproj", "{5ADA552C-D2EB-4BAB-A67D-DB6EDB6EFA94}"
EndProject
Project("{FAE04EC0-301F-11D3-BF4B-00C04F79EFBC}") = "01.SoftuniCoffeeOrders", "01.SoftuniCoffeeOrders\01.SoftuniCoffeeOrders.csproj", "{05819975-9111-48C1-8B67-CBBC91AB7EC4}"
EndProject
Project("{FAE04EC0-301F-11D3-BF4B-00C04F79EFBC}") = "01.CharityMarathon", "01.CharityMarathon\01.CharityMarathon.csproj", "{A0EDE74F-494A-46AE-9530-DCC6A7554FC8}"
EndProject
Project("{FAE04EC0-301F-11D3-BF4B-00C04F79EFBC}") = "03.NetherRealms", "03.NetherRealms\03.NetherRealms.csproj", "{02E67EB8-0D48-4FE9-BE93-E4E58ECB1923}"
EndProject
Project("{FAE04EC0-301F-11D3-BF4B-00C04F79EFBC}") = "04.RoliTheCoder", "04.RoliTheCoder\04.RoliTheCoder.csproj", "{EB9D938D-1A7A-4966-A8A8-925FEAD013B2}"
EndProject
Global
	GlobalSection(SolutionConfigurationPlatforms) = preSolution
		Debug|Any CPU = Debug|Any CPU
		Release|Any CPU = Release|Any CPU
	EndGlobalSection
	GlobalSection(ProjectConfigurationPlatforms) = postSolution
		{A931499A-590E-4906-B518-F241A137D736}.Debug|Any CPU.ActiveCfg = Debug|Any CPU
		{A931499A-590E-4906-B518-F241A137D736}.Debug|Any CPU.Build.0 = Debug|Any CPU
		{A931499A-590E-4906-B518-F241A137D736}.Release|Any CPU.ActiveCfg = Release|Any CPU
		{A931499A-590E-4906-B518-F241A137D736}.Release|Any CPU.Build.0 = Release|Any CPU
		{BBAAB83D-F281-4F61-A68A-7F16B363CD33}.Debug|Any CPU.ActiveCfg = Debug|Any CPU
		{BBAAB83D-F281-4F61-A68A-7F16B363CD33}.Debug|Any CPU.Build.0 = Debug|Any CPU
		{BBAAB83D-F281-4F61-A68A-7F16B363CD33}.Release|Any CPU.ActiveCfg = Release|Any CPU
		{BBAAB83D-F281-4F61-A68A-7F16B363CD33}.Release|Any CPU.Build.0 = Release|Any CPU
		{9028D57B-41FF-4813-95EA-AAAF360BA54B}.Debug|Any CPU.ActiveCfg = Debug|Any CPU
		{9028D57B-41FF-4813-95EA-AAAF360BA54B}.Debug|Any CPU.Build.0 = Debug|Any CPU
		{9028D57B-41FF-4813-95EA-AAAF360BA54B}.Release|Any CPU.ActiveCfg = Release|Any CPU
		{9028D57B-41FF-4813-95EA-AAAF360BA54B}.Release|Any CPU.Build.0 = Release|Any CPU
		{195D54B0-8B50-44FA-AFA8-3AFB75566AFB}.Debug|Any CPU.ActiveCfg = Debug|Any CPU
		{195D54B0-8B50-44FA-AFA8-3AFB75566AFB}.Debug|Any CPU.Build.0 = Debug|Any CPU
		{195D54B0-8B50-44FA-AFA8-3AFB75566AFB}.Release|Any CPU.ActiveCfg = Release|Any CPU
		{195D54B0-8B50-44FA-AFA8-3AFB75566AFB}.Release|Any CPU.Build.0 = Release|Any CPU
		{9204EED6-95C8-48EE-8BE0-D1A7B2C9DFDB}.Debug|Any CPU.ActiveCfg = Debug|Any CPU
		{9204EED6-95C8-48EE-8BE0-D1A7B2C9DFDB}.Debug|Any CPU.Build.0 = Debug|Any CPU
		{9204EED6-95C8-48EE-8BE0-D1A7B2C9DFDB}.Release|Any CPU.ActiveCfg = Release|Any CPU
		{9204EED6-95C8-48EE-8BE0-D1A7B2C9DFDB}.Release|Any CPU.Build.0 = Release|Any CPU
		{5FBE0ECA-20D5-46A0-B9B8-0EA50A647BB2}.Debug|Any CPU.ActiveCfg = Debug|Any CPU
		{5FBE0ECA-20D5-46A0-B9B8-0EA50A647BB2}.Debug|Any CPU.Build.0 = Debug|Any CPU
		{5FBE0ECA-20D5-46A0-B9B8-0EA50A647BB2}.Release|Any CPU.ActiveCfg = Release|Any CPU
		{5FBE0ECA-20D5-46A0-B9B8-0EA50A647BB2}.Release|Any CPU.Build.0 = Release|Any CPU
		{49242029-DC7D-4789-99A9-73A2D0629BBC}.Debug|Any CPU.ActiveCfg = Debug|Any CPU
		{49242029-DC7D-4789-99A9-73A2D0629BBC}.Debug|Any CPU.Build.0 = Debug|Any CPU
		{49242029-DC7D-4789-99A9-73A2D0629BBC}.Release|Any CPU.ActiveCfg = Release|Any CPU
		{49242029-DC7D-4789-99A9-73A2D0629BBC}.Release|Any CPU.Build.0 = Release|Any CPU
		{75623760-E39C-4EC1-9209-4FFE11B22D4B}.Debug|Any CPU.ActiveCfg = Debug|Any CPU
		{75623760-E39C-4EC1-9209-4FFE11B22D4B}.Debug|Any CPU.Build.0 = Debug|Any CPU
		{75623760-E39C-4EC1-9209-4FFE11B22D4B}.Release|Any CPU.ActiveCfg = Release|Any CPU
		{75623760-E39C-4EC1-9209-4FFE11B22D4B}.Release|Any CPU.Build.0 = Release|Any CPU
		{5ADA552C-D2EB-4BAB-A67D-DB6EDB6EFA94}.Debug|Any CPU.ActiveCfg = Debug|Any CPU
		{5ADA552C-D2EB-4BAB-A67D-DB6EDB6EFA94}.Debug|Any CPU.Build.0 = Debug|Any CPU
		{5ADA552C-D2EB-4BAB-A67D-DB6EDB6EFA94}.Release|Any CPU.ActiveCfg = Release|Any CPU
		{5ADA552C-D2EB-4BAB-A67D-DB6EDB6EFA94}.Release|Any CPU.Build.0 = Release|Any CPU
		{05819975-9111-48C1-8B67-CBBC91AB7EC4}.Debug|Any CPU.ActiveCfg = Debug|Any CPU
		{05819975-9111-48C1-8B67-CBBC91AB7EC4}.Debug|Any CPU.Build.0 = Debug|Any CPU
		{05819975-9111-48C1-8B67-CBBC91AB7EC4}.Release|Any CPU.ActiveCfg = Release|Any CPU
		{05819975-9111-48C1-8B67-CBBC91AB7EC4}.Release|Any CPU.Build.0 = Release|Any CPU
		{A0EDE74F-494A-46AE-9530-DCC6A7554FC8}.Debug|Any CPU.ActiveCfg = Debug|Any CPU
		{A0EDE74F-494A-46AE-9530-DCC6A7554FC8}.Debug|Any CPU.Build.0 = Debug|Any CPU
		{A0EDE74F-494A-46AE-9530-DCC6A7554FC8}.Release|Any CPU.ActiveCfg = Release|Any CPU
		{A0EDE74F-494A-46AE-9530-DCC6A7554FC8}.Release|Any CPU.Build.0 = Release|Any CPU
		{02E67EB8-0D48-4FE9-BE93-E4E58ECB1923}.Debug|Any CPU.ActiveCfg = Debug|Any CPU
		{02E67EB8-0D48-4FE9-BE93-E4E58ECB1923}.Debug|Any CPU.Build.0 = Debug|Any CPU
		{02E67EB8-0D48-4FE9-BE93-E4E58ECB1923}.Release|Any CPU.ActiveCfg = Release|Any CPU
		{02E67EB8-0D48-4FE9-BE93-E4E58ECB1923}.Release|Any CPU.Build.0 = Release|Any CPU
		{EB9D938D-1A7A-4966-A8A8-925FEAD013B2}.Debug|Any CPU.ActiveCfg = Debug|Any CPU
		{EB9D938D-1A7A-4966-A8A8-925FEAD013B2}.Debug|Any CPU.Build.0 = Debug|Any CPU
		{EB9D938D-1A7A-4966-A8A8-925FEAD013B2}.Release|Any CPU.ActiveCfg = Release|Any CPU
		{EB9D938D-1A7A-4966-A8A8-925FEAD013B2}.Release|Any CPU.Build.0 = Release|Any CPU
	EndGlobalSection
	GlobalSection(SolutionProperties) = preSolution
		HideSolutionNode = FALSE
	EndGlobalSection
EndGlobal
