
Microsoft Visual Studio Solution File, Format Version 12.00
# Visual Studio 14
VisualStudioVersion = 14.0.25420.1
MinimumVisualStudioVersion = 10.0.40219.1
Project("{FAE04EC0-301F-11D3-BF4B-00C04F79EFBC}") = "01.PracticeIntegerNums", "01.PracticeIntegerNums\01.PracticeIntegerNums.csproj", "{62727C13-6675-4763-B1D1-B13EA2D32A69}"
EndProject
Project("{FAE04EC0-301F-11D3-BF4B-00C04F79EFBC}") = "02.PracticeFloatingPointNum", "02.PracticeFloatingPointNum\02.PracticeFloatingPointNum.csproj", "{2E40C320-98C9-43C0-955D-DDCACD5FB19D}"
EndProject
Project("{FAE04EC0-301F-11D3-BF4B-00C04F79EFBC}") = "03.ExchangeVariableValues", "03.ExchangeVariableValues\03.ExchangeVariableValues.csproj", "{C79A3C12-4748-446E-B41A-874B4C5E22D7}"
EndProject
Project("{FAE04EC0-301F-11D3-BF4B-00C04F79EFBC}") = "04.FloatOrInteger", "04.FloatOrInteger\04.FloatOrInteger.csproj", "{26E4CB40-DC97-45F8-A8C8-C16C9ACE1721}"
EndProject
Project("{FAE04EC0-301F-11D3-BF4B-00C04F79EFBC}") = "05.DistanceOfTheStars", "05.DistanceOfTheStars\05.DistanceOfTheStars.csproj", "{291C4F05-6724-4462-B63F-821EAEECA867}"
EndProject
Project("{FAE04EC0-301F-11D3-BF4B-00C04F79EFBC}") = "06.IncrementVariable", "06.IncrementVariable\06.IncrementVariable.csproj", "{B49EEA02-7EAA-4749-A1D8-678E6FAD0612}"
EndProject
Project("{FAE04EC0-301F-11D3-BF4B-00C04F79EFBC}") = "07.FromTerabytesToBits", "07.FromTerabytesToBits\07.FromTerabytesToBits.csproj", "{058E9740-5246-481C-A6F6-6ACF08A0D88F}"
EndProject
Project("{FAE04EC0-301F-11D3-BF4B-00C04F79EFBC}") = "08.TravelingAtLightSpeed", "08.TravelingAtLightSpeed\08.TravelingAtLightSpeed.csproj", "{5B357E30-A32F-4F1C-9EE5-D8C7B2953B93}"
EndProject
Global
	GlobalSection(SolutionConfigurationPlatforms) = preSolution
		Debug|Any CPU = Debug|Any CPU
		Release|Any CPU = Release|Any CPU
	EndGlobalSection
	GlobalSection(ProjectConfigurationPlatforms) = postSolution
		{62727C13-6675-4763-B1D1-B13EA2D32A69}.Debug|Any CPU.ActiveCfg = Debug|Any CPU
		{62727C13-6675-4763-B1D1-B13EA2D32A69}.Debug|Any CPU.Build.0 = Debug|Any CPU
		{62727C13-6675-4763-B1D1-B13EA2D32A69}.Release|Any CPU.ActiveCfg = Release|Any CPU
		{62727C13-6675-4763-B1D1-B13EA2D32A69}.Release|Any CPU.Build.0 = Release|Any CPU
		{2E40C320-98C9-43C0-955D-DDCACD5FB19D}.Debug|Any CPU.ActiveCfg = Debug|Any CPU
		{2E40C320-98C9-43C0-955D-DDCACD5FB19D}.Debug|Any CPU.Build.0 = Debug|Any CPU
		{2E40C320-98C9-43C0-955D-DDCACD5FB19D}.Release|Any CPU.ActiveCfg = Release|Any CPU
		{2E40C320-98C9-43C0-955D-DDCACD5FB19D}.Release|Any CPU.Build.0 = Release|Any CPU
		{C79A3C12-4748-446E-B41A-874B4C5E22D7}.Debug|Any CPU.ActiveCfg = Debug|Any CPU
		{C79A3C12-4748-446E-B41A-874B4C5E22D7}.Debug|Any CPU.Build.0 = Debug|Any CPU
		{C79A3C12-4748-446E-B41A-874B4C5E22D7}.Release|Any CPU.ActiveCfg = Release|Any CPU
		{C79A3C12-4748-446E-B41A-874B4C5E22D7}.Release|Any CPU.Build.0 = Release|Any CPU
		{26E4CB40-DC97-45F8-A8C8-C16C9ACE1721}.Debug|Any CPU.ActiveCfg = Debug|Any CPU
		{26E4CB40-DC97-45F8-A8C8-C16C9ACE1721}.Debug|Any CPU.Build.0 = Debug|Any CPU
		{26E4CB40-DC97-45F8-A8C8-C16C9ACE1721}.Release|Any CPU.ActiveCfg = Release|Any CPU
		{26E4CB40-DC97-45F8-A8C8-C16C9ACE1721}.Release|Any CPU.Build.0 = Release|Any CPU
		{291C4F05-6724-4462-B63F-821EAEECA867}.Debug|Any CPU.ActiveCfg = Debug|Any CPU
		{291C4F05-6724-4462-B63F-821EAEECA867}.Debug|Any CPU.Build.0 = Debug|Any CPU
		{291C4F05-6724-4462-B63F-821EAEECA867}.Release|Any CPU.ActiveCfg = Release|Any CPU
		{291C4F05-6724-4462-B63F-821EAEECA867}.Release|Any CPU.Build.0 = Release|Any CPU
		{B49EEA02-7EAA-4749-A1D8-678E6FAD0612}.Debug|Any CPU.ActiveCfg = Debug|Any CPU
		{B49EEA02-7EAA-4749-A1D8-678E6FAD0612}.Debug|Any CPU.Build.0 = Debug|Any CPU
		{B49EEA02-7EAA-4749-A1D8-678E6FAD0612}.Release|Any CPU.ActiveCfg = Release|Any CPU
		{B49EEA02-7EAA-4749-A1D8-678E6FAD0612}.Release|Any CPU.Build.0 = Release|Any CPU
		{058E9740-5246-481C-A6F6-6ACF08A0D88F}.Debug|Any CPU.ActiveCfg = Debug|Any CPU
		{058E9740-5246-481C-A6F6-6ACF08A0D88F}.Debug|Any CPU.Build.0 = Debug|Any CPU
		{058E9740-5246-481C-A6F6-6ACF08A0D88F}.Release|Any CPU.ActiveCfg = Release|Any CPU
		{058E9740-5246-481C-A6F6-6ACF08A0D88F}.Release|Any CPU.Build.0 = Release|Any CPU
		{5B357E30-A32F-4F1C-9EE5-D8C7B2953B93}.Debug|Any CPU.ActiveCfg = Debug|Any CPU
		{5B357E30-A32F-4F1C-9EE5-D8C7B2953B93}.Debug|Any CPU.Build.0 = Debug|Any CPU
		{5B357E30-A32F-4F1C-9EE5-D8C7B2953B93}.Release|Any CPU.ActiveCfg = Release|Any CPU
		{5B357E30-A32F-4F1C-9EE5-D8C7B2953B93}.Release|Any CPU.Build.0 = Release|Any CPU
	EndGlobalSection
	GlobalSection(SolutionProperties) = preSolution
		HideSolutionNode = FALSE
	EndGlobalSection
EndGlobal
