
Microsoft Visual Studio Solution File, Format Version 12.00
# Visual Studio 14
VisualStudioVersion = 14.0.25420.1
MinimumVisualStudioVersion = 10.0.40219.1
Project("{FAE04EC0-301F-11D3-BF4B-00C04F79EFBC}") = "01.RegisterUsers", "01.RegisterUsers\01.RegisterUsers.csproj", "{AE8521D5-C8F4-4D9A-A2A3-38CAD04A8D30}"
EndProject
Project("{FAE04EC0-301F-11D3-BF4B-00C04F79EFBC}") = "02.DefaultValues", "02.DefaultValues\02.DefaultValues.csproj", "{544D3B55-E6ED-41C3-A83D-BC61EC3FD92B}"
EndProject
Project("{FAE04EC0-301F-11D3-BF4B-00C04F79EFBC}") = "03.ShoppingSpree", "03.ShoppingSpree\03.ShoppingSpree.csproj", "{07111FBA-3A96-4DA4-9576-1ACF205284EB}"
EndProject
Project("{FAE04EC0-301F-11D3-BF4B-00C04F79EFBC}") = "04.SoftUniBeerPong", "04.SoftUniBeerPong\04.SoftUniBeerPong.csproj", "{E421B2FE-A533-43E2-9EB3-05C441BDFE41}"
EndProject
Project("{FAE04EC0-301F-11D3-BF4B-00C04F79EFBC}") = "05.FlattenDictionary", "05.FlattenDictionary\05.FlattenDictionary.csproj", "{A38130AB-899C-4B90-A830-15E8C84B0550}"
EndProject
Project("{FAE04EC0-301F-11D3-BF4B-00C04F79EFBC}") = "06.CottageScraper", "06.CottageScraper\06.CottageScraper.csproj", "{C864744B-3122-4EFE-B145-AFBFE40AFE8B}"
EndProject
Global
	GlobalSection(SolutionConfigurationPlatforms) = preSolution
		Debug|Any CPU = Debug|Any CPU
		Release|Any CPU = Release|Any CPU
	EndGlobalSection
	GlobalSection(ProjectConfigurationPlatforms) = postSolution
		{AE8521D5-C8F4-4D9A-A2A3-38CAD04A8D30}.Debug|Any CPU.ActiveCfg = Debug|Any CPU
		{AE8521D5-C8F4-4D9A-A2A3-38CAD04A8D30}.Debug|Any CPU.Build.0 = Debug|Any CPU
		{AE8521D5-C8F4-4D9A-A2A3-38CAD04A8D30}.Release|Any CPU.ActiveCfg = Release|Any CPU
		{AE8521D5-C8F4-4D9A-A2A3-38CAD04A8D30}.Release|Any CPU.Build.0 = Release|Any CPU
		{544D3B55-E6ED-41C3-A83D-BC61EC3FD92B}.Debug|Any CPU.ActiveCfg = Debug|Any CPU
		{544D3B55-E6ED-41C3-A83D-BC61EC3FD92B}.Debug|Any CPU.Build.0 = Debug|Any CPU
		{544D3B55-E6ED-41C3-A83D-BC61EC3FD92B}.Release|Any CPU.ActiveCfg = Release|Any CPU
		{544D3B55-E6ED-41C3-A83D-BC61EC3FD92B}.Release|Any CPU.Build.0 = Release|Any CPU
		{07111FBA-3A96-4DA4-9576-1ACF205284EB}.Debug|Any CPU.ActiveCfg = Debug|Any CPU
		{07111FBA-3A96-4DA4-9576-1ACF205284EB}.Debug|Any CPU.Build.0 = Debug|Any CPU
		{07111FBA-3A96-4DA4-9576-1ACF205284EB}.Release|Any CPU.ActiveCfg = Release|Any CPU
		{07111FBA-3A96-4DA4-9576-1ACF205284EB}.Release|Any CPU.Build.0 = Release|Any CPU
		{E421B2FE-A533-43E2-9EB3-05C441BDFE41}.Debug|Any CPU.ActiveCfg = Debug|Any CPU
		{E421B2FE-A533-43E2-9EB3-05C441BDFE41}.Debug|Any CPU.Build.0 = Debug|Any CPU
		{E421B2FE-A533-43E2-9EB3-05C441BDFE41}.Release|Any CPU.ActiveCfg = Release|Any CPU
		{E421B2FE-A533-43E2-9EB3-05C441BDFE41}.Release|Any CPU.Build.0 = Release|Any CPU
		{A38130AB-899C-4B90-A830-15E8C84B0550}.Debug|Any CPU.ActiveCfg = Debug|Any CPU
		{A38130AB-899C-4B90-A830-15E8C84B0550}.Debug|Any CPU.Build.0 = Debug|Any CPU
		{A38130AB-899C-4B90-A830-15E8C84B0550}.Release|Any CPU.ActiveCfg = Release|Any CPU
		{A38130AB-899C-4B90-A830-15E8C84B0550}.Release|Any CPU.Build.0 = Release|Any CPU
		{C864744B-3122-4EFE-B145-AFBFE40AFE8B}.Debug|Any CPU.ActiveCfg = Debug|Any CPU
		{C864744B-3122-4EFE-B145-AFBFE40AFE8B}.Debug|Any CPU.Build.0 = Debug|Any CPU
		{C864744B-3122-4EFE-B145-AFBFE40AFE8B}.Release|Any CPU.ActiveCfg = Release|Any CPU
		{C864744B-3122-4EFE-B145-AFBFE40AFE8B}.Release|Any CPU.Build.0 = Release|Any CPU
	EndGlobalSection
	GlobalSection(SolutionProperties) = preSolution
		HideSolutionNode = FALSE
	EndGlobalSection
EndGlobal
